{
    "version": 3,
    "terraform_version": "0.11.7",
    "serial": 9,
    "lineage": "ff9186a0-b785-88a7-26f6-0592f34c59ac",
    "modules": [
        {
            "path": [
                "root"
            ],
            "outputs": {},
            "resources": {},
            "depends_on": []
        },
        {
            "path": [
                "root",
                "autoscaling_group"
            ],
            "outputs": {},
            "resources": {
                "aws_autoscaling_group.jenkins_asg": {
                    "type": "aws_autoscaling_group",
                    "depends_on": [
                        "aws_launch_configuration.jenkins_launch_configuration"
                    ],
                    "primary": {
                        "id": "jenkins_asg",
                        "attributes": {
                            "arn": "arn:aws:autoscaling:eu-west-1:026249355988:autoScalingGroup:1d8b95de-444f-4f63-b195-44767053197d:autoScalingGroupName/jenkins_asg",
                            "availability_zones.#": "1",
                            "availability_zones.3953592328": "eu-west-1a",
                            "default_cooldown": "300",
                            "desired_capacity": "1",
                            "enabled_metrics.#": "0",
                            "force_delete": "false",
                            "health_check_grace_period": "300",
                            "health_check_type": "EC2",
                            "id": "jenkins_asg",
                            "launch_configuration": "terraform-20180530205842792100000002",
                            "launch_template.#": "0",
                            "load_balancers.#": "0",
                            "max_size": "2",
                            "metrics_granularity": "1Minute",
                            "min_size": "1",
                            "name": "jenkins_asg",
                            "placement_group": "",
                            "protect_from_scale_in": "false",
                            "service_linked_role_arn": "arn:aws:iam::026249355988:role/aws-service-role/autoscaling.amazonaws.com/AWSServiceRoleForAutoScaling",
                            "suspended_processes.#": "0",
                            "tag.#": "0",
                            "target_group_arns.#": "0",
                            "termination_policies.#": "0",
                            "vpc_zone_identifier.#": "1",
                            "vpc_zone_identifier.295799175": "subnet-052fb7eff88271697",
                            "wait_for_capacity_timeout": "10m"
                        },
                        "meta": {
                            "e2bfb730-ecaa-11e6-8f88-34363bc7c4c0": {
                                "delete": 600000000000
                            }
                        },
                        "tainted": false
                    },
                    "deposed": [],
                    "provider": "provider.aws"
                },
                "aws_launch_configuration.jenkins_launch_configuration": {
                    "type": "aws_launch_configuration",
                    "depends_on": [],
                    "primary": {
                        "id": "terraform-20180530205842792100000002",
                        "attributes": {
                            "associate_public_ip_address": "false",
                            "ebs_block_device.#": "0",
                            "ebs_optimized": "false",
                            "enable_monitoring": "true",
                            "ephemeral_block_device.#": "0",
                            "iam_instance_profile": "",
                            "id": "terraform-20180530205842792100000002",
                            "image_id": "ami-ca0135b3",
                            "instance_type": "t2.micro",
                            "key_name": "MyKeyPair",
                            "name": "terraform-20180530205842792100000002",
                            "root_block_device.#": "1",
                            "root_block_device.0.delete_on_termination": "true",
                            "root_block_device.0.iops": "0",
                            "root_block_device.0.volume_size": "100",
                            "root_block_device.0.volume_type": "standard",
                            "security_groups.#": "1",
                            "security_groups.3616100455": "sg-026fac41f731b9ee3",
                            "spot_price": "",
                            "user_data": "31e5879e04ff1dbce7378565e170243a5172103d",
                            "vpc_classic_link_id": "",
                            "vpc_classic_link_security_groups.#": "0"
                        },
                        "meta": {},
                        "tainted": false
                    },
                    "deposed": [],
                    "provider": "provider.aws"
                }
            },
            "depends_on": []
        },
        {
            "path": [
                "root",
                "network"
            ],
            "outputs": {
                "public_subnet_1_sg_id": {
                    "sensitive": false,
                    "type": "string",
                    "value": "sg-026fac41f731b9ee3"
                },
                "public_subnet_id": {
                    "sensitive": false,
                    "type": "string",
                    "value": "subnet-052fb7eff88271697"
                }
            },
            "resources": {
                "aws_internet_gateway.default": {
                    "type": "aws_internet_gateway",
                    "depends_on": [
                        "aws_vpc.vpc"
                    ],
                    "primary": {
                        "id": "igw-0a2f1ed4895d33329",
                        "attributes": {
                            "id": "igw-0a2f1ed4895d33329",
                            "tags.%": "2",
                            "tags.Environment": "default",
                            "tags.Name": "default_igw",
                            "vpc_id": "vpc-00f44454114005ede"
                        },
                        "meta": {},
                        "tainted": false
                    },
                    "deposed": [],
                    "provider": "provider.aws"
                },
                "aws_route_table.public_subnet_route_table": {
                    "type": "aws_route_table",
                    "depends_on": [
                        "aws_internet_gateway.default",
                        "aws_vpc.vpc"
                    ],
                    "primary": {
                        "id": "rtb-0404d36c08943832c",
                        "attributes": {
                            "id": "rtb-0404d36c08943832c",
                            "propagating_vgws.#": "0",
                            "route.#": "1",
                            "route.752775100.cidr_block": "0.0.0.0/0",
                            "route.752775100.egress_only_gateway_id": "",
                            "route.752775100.gateway_id": "igw-0a2f1ed4895d33329",
                            "route.752775100.instance_id": "",
                            "route.752775100.ipv6_cidr_block": "",
                            "route.752775100.nat_gateway_id": "",
                            "route.752775100.network_interface_id": "",
                            "route.752775100.vpc_peering_connection_id": "",
                            "tags.%": "2",
                            "tags.Environment": "default",
                            "tags.Name": "default_route_table",
                            "vpc_id": "vpc-00f44454114005ede"
                        },
                        "meta": {},
                        "tainted": false
                    },
                    "deposed": [],
                    "provider": "provider.aws"
                },
                "aws_route_table_association.public_subnet_route_table_assoc": {
                    "type": "aws_route_table_association",
                    "depends_on": [
                        "aws_route_table.public_subnet_route_table",
                        "aws_subnet.public_subnet"
                    ],
                    "primary": {
                        "id": "rtbassoc-01bfe2c6c4e709a73",
                        "attributes": {
                            "id": "rtbassoc-01bfe2c6c4e709a73",
                            "route_table_id": "rtb-0404d36c08943832c",
                            "subnet_id": "subnet-052fb7eff88271697"
                        },
                        "meta": {},
                        "tainted": false
                    },
                    "deposed": [],
                    "provider": "provider.aws"
                },
                "aws_security_group.public_subnet_sg": {
                    "type": "aws_security_group",
                    "depends_on": [
                        "aws_vpc.vpc"
                    ],
                    "primary": {
                        "id": "sg-026fac41f731b9ee3",
                        "attributes": {
                            "arn": "arn:aws:ec2:eu-west-1:026249355988:security-group/sg-026fac41f731b9ee3",
                            "description": "Managed by Terraform",
                            "egress.#": "1",
                            "egress.482069346.cidr_blocks.#": "1",
                            "egress.482069346.cidr_blocks.0": "0.0.0.0/0",
                            "egress.482069346.description": "",
                            "egress.482069346.from_port": "0",
                            "egress.482069346.ipv6_cidr_blocks.#": "0",
                            "egress.482069346.prefix_list_ids.#": "0",
                            "egress.482069346.protocol": "-1",
                            "egress.482069346.security_groups.#": "0",
                            "egress.482069346.self": "false",
                            "egress.482069346.to_port": "0",
                            "id": "sg-026fac41f731b9ee3",
                            "ingress.#": "4",
                            "ingress.2214680975.cidr_blocks.#": "1",
                            "ingress.2214680975.cidr_blocks.0": "0.0.0.0/0",
                            "ingress.2214680975.description": "",
                            "ingress.2214680975.from_port": "80",
                            "ingress.2214680975.ipv6_cidr_blocks.#": "0",
                            "ingress.2214680975.protocol": "tcp",
                            "ingress.2214680975.security_groups.#": "0",
                            "ingress.2214680975.self": "false",
                            "ingress.2214680975.to_port": "80",
                            "ingress.2541437006.cidr_blocks.#": "1",
                            "ingress.2541437006.cidr_blocks.0": "0.0.0.0/0",
                            "ingress.2541437006.description": "",
                            "ingress.2541437006.from_port": "22",
                            "ingress.2541437006.ipv6_cidr_blocks.#": "0",
                            "ingress.2541437006.protocol": "tcp",
                            "ingress.2541437006.security_groups.#": "0",
                            "ingress.2541437006.self": "false",
                            "ingress.2541437006.to_port": "22",
                            "ingress.2617001939.cidr_blocks.#": "1",
                            "ingress.2617001939.cidr_blocks.0": "0.0.0.0/0",
                            "ingress.2617001939.description": "",
                            "ingress.2617001939.from_port": "443",
                            "ingress.2617001939.ipv6_cidr_blocks.#": "0",
                            "ingress.2617001939.protocol": "tcp",
                            "ingress.2617001939.security_groups.#": "0",
                            "ingress.2617001939.self": "false",
                            "ingress.2617001939.to_port": "443",
                            "ingress.516175195.cidr_blocks.#": "1",
                            "ingress.516175195.cidr_blocks.0": "0.0.0.0/0",
                            "ingress.516175195.description": "",
                            "ingress.516175195.from_port": "8080",
                            "ingress.516175195.ipv6_cidr_blocks.#": "0",
                            "ingress.516175195.protocol": "tcp",
                            "ingress.516175195.security_groups.#": "0",
                            "ingress.516175195.self": "false",
                            "ingress.516175195.to_port": "8080",
                            "name": "terraform-20180530205840866400000001",
                            "owner_id": "026249355988",
                            "revoke_rules_on_delete": "false",
                            "tags.%": "2",
                            "tags.Environment": "default",
                            "tags.Name": "default_pub_sg",
                            "vpc_id": "vpc-00f44454114005ede"
                        },
                        "meta": {
                            "e2bfb730-ecaa-11e6-8f88-34363bc7c4c0": {
                                "create": 600000000000,
                                "delete": 600000000000
                            },
                            "schema_version": "1"
                        },
                        "tainted": false
                    },
                    "deposed": [],
                    "provider": "provider.aws"
                },
                "aws_subnet.public_subnet": {
                    "type": "aws_subnet",
                    "depends_on": [
                        "aws_vpc.vpc"
                    ],
                    "primary": {
                        "id": "subnet-052fb7eff88271697",
                        "attributes": {
                            "assign_ipv6_address_on_creation": "false",
                            "availability_zone": "eu-west-1a",
                            "cidr_block": "10.0.1.0/24",
                            "id": "subnet-052fb7eff88271697",
                            "map_public_ip_on_launch": "true",
                            "tags.%": "2",
                            "tags.Environment": "default",
                            "tags.Name": "default_pub_subnet",
                            "vpc_id": "vpc-00f44454114005ede"
                        },
                        "meta": {
                            "schema_version": "1"
                        },
                        "tainted": false
                    },
                    "deposed": [],
                    "provider": "provider.aws"
                },
                "aws_vpc.vpc": {
                    "type": "aws_vpc",
                    "depends_on": [],
                    "primary": {
                        "id": "vpc-00f44454114005ede",
                        "attributes": {
                            "assign_generated_ipv6_cidr_block": "false",
                            "cidr_block": "10.0.0.0/16",
                            "default_network_acl_id": "acl-06797fb2e66ba6d5f",
                            "default_route_table_id": "rtb-09de3c843c9ad0c76",
                            "default_security_group_id": "sg-0b1c75acaa0468ce4",
                            "dhcp_options_id": "dopt-53ca1d35",
                            "enable_classiclink": "false",
                            "enable_classiclink_dns_support": "false",
                            "enable_dns_hostnames": "false",
                            "enable_dns_support": "true",
                            "id": "vpc-00f44454114005ede",
                            "instance_tenancy": "default",
                            "main_route_table_id": "rtb-09de3c843c9ad0c76",
                            "tags.%": "2",
                            "tags.Environment": "default",
                            "tags.Name": "default_vpc"
                        },
                        "meta": {
                            "schema_version": "1"
                        },
                        "tainted": false
                    },
                    "deposed": [],
                    "provider": "provider.aws"
                }
            },
            "depends_on": []
        }
    ]
}
